
Microsoft Visual Studio Solution File, Format Version 12.00
# Visual Studio Version 17
VisualStudioVersion = 17.7.34009.444
MinimumVisualStudioVersion = 10.0.40219.1
Project("{FAE04EC0-301F-11D3-BF4B-00C04F79EFBC}") = "ATC_Countdown", "ATC_Countdown\ATC_Countdown.csproj", "{71FB6B77-436B-49D5-8C64-23F3ED4C2C0F}"
EndProject
Global
	GlobalSection(SolutionConfigurationPlatforms) = preSolution
		Debug|Any CPU = Debug|Any CPU
		Release|Any CPU = Release|Any CPU
	EndGlobalSection
	GlobalSection(ProjectConfigurationPlatforms) = postSolution
		{71FB6B77-436B-49D5-8C64-23F3ED4C2C0F}.Debug|Any CPU.ActiveCfg = Debug|Any CPU
		{71FB6B77-436B-49D5-8C64-23F3ED4C2C0F}.Debug|Any CPU.Build.0 = Debug|Any CPU
		{71FB6B77-436B-49D5-8C64-23F3ED4C2C0F}.Release|Any CPU.ActiveCfg = Release|Any CPU
		{71FB6B77-436B-49D5-8C64-23F3ED4C2C0F}.Release|Any CPU.Build.0 = Release|Any CPU
	EndGlobalSection
	GlobalSection(SolutionProperties) = preSolution
		HideSolutionNode = FALSE
	EndGlobalSection
	GlobalSection(ExtensibilityGlobals) = postSolution
		SolutionGuid = {C15C0489-CCD6-42FC-86DB-717EB5CC8ECE}
	EndGlobalSection
EndGlobal
